
Microsoft Visual Studio Solution File, Format Version 12.00
# Visual Studio Version 17
VisualStudioVersion = 17.3.32929.385
MinimumVisualStudioVersion = 10.0.40219.1
Project("{FAE04EC0-301F-11D3-BF4B-00C04F79EFBC}") = "LojaTopMoveis", "LojaTopMoveis\LojaTopMoveis.csproj", "{F754E371-059F-40A0-ADB5-12DECFFE3FB4}"
EndProject
Global
	GlobalSection(SolutionConfigurationPlatforms) = preSolution
		Debug|Any CPU = Debug|Any CPU
		Release|Any CPU = Release|Any CPU
	EndGlobalSection
	GlobalSection(ProjectConfigurationPlatforms) = postSolution
		{F754E371-059F-40A0-ADB5-12DECFFE3FB4}.Debug|Any CPU.ActiveCfg = Debug|Any CPU
		{F754E371-059F-40A0-ADB5-12DECFFE3FB4}.Debug|Any CPU.Build.0 = Debug|Any CPU
		{F754E371-059F-40A0-ADB5-12DECFFE3FB4}.Release|Any CPU.ActiveCfg = Release|Any CPU
		{F754E371-059F-40A0-ADB5-12DECFFE3FB4}.Release|Any CPU.Build.0 = Release|Any CPU
	EndGlobalSection
	GlobalSection(SolutionProperties) = preSolution
		HideSolutionNode = FALSE
	EndGlobalSection
	GlobalSection(ExtensibilityGlobals) = postSolution
		SolutionGuid = {C5FA059F-C919-4E50-9A62-B3485A1175F1}
	EndGlobalSection
EndGlobal
